// !$*UTF8*$!
{
	archiveVersion = 1;
	classes = {
	};
	objectVersion = 50;
	objects = {

/* Begin PBXBuildFile section */
		E218A1CB246A233B003E34FF /* DateExtension.swift in Sources */ = {isa = PBXBuildFile; fileRef = E218A1CA246A233B003E34FF /* DateExtension.swift */; };
		E2DE29902469EEB7008C8933 /* AppDelegate.swift in Sources */ = {isa = PBXBuildFile; fileRef = E2DE298F2469EEB7008C8933 /* AppDelegate.swift */; };
		E2DE29922469EEB7008C8933 /* SceneDelegate.swift in Sources */ = {isa = PBXBuildFile; fileRef = E2DE29912469EEB7008C8933 /* SceneDelegate.swift */; };
		E2DE29972469EEB7008C8933 /* Main.storyboard in Resources */ = {isa = PBXBuildFile; fileRef = E2DE29952469EEB7008C8933 /* Main.storyboard */; };
		E2DE29992469EEBA008C8933 /* Assets.xcassets in Resources */ = {isa = PBXBuildFile; fileRef = E2DE29982469EEBA008C8933 /* Assets.xcassets */; };
		E2DE299C2469EEBA008C8933 /* LaunchScreen.storyboard in Resources */ = {isa = PBXBuildFile; fileRef = E2DE299A2469EEBA008C8933 /* LaunchScreen.storyboard */; };
		E2DE29A62469EF46008C8933 /* Entry.swift in Sources */ = {isa = PBXBuildFile; fileRef = E2DE29A52469EF46008C8933 /* Entry.swift */; };
		E2DE29AA2469F232008C8933 /* EntryController.swift in Sources */ = {isa = PBXBuildFile; fileRef = E2DE29A92469F232008C8933 /* EntryController.swift */; };
		E2DE29AE2469FD36008C8933 /* CloudKit.framework in Frameworks */ = {isa = PBXBuildFile; fileRef = E2DE29AD2469FD36008C8933 /* CloudKit.framework */; };
		E2DE29B1246A01F0008C8933 /* EntryError.swift in Sources */ = {isa = PBXBuildFile; fileRef = E2DE29B0246A01F0008C8933 /* EntryError.swift */; };
		E2DE29B3246A079A008C8933 /* EntryListTableViewController.swift in Sources */ = {isa = PBXBuildFile; fileRef = E2DE29B2246A079A008C8933 /* EntryListTableViewController.swift */; };
		E2DE29B6246A0DA5008C8933 /* EntryDetailViewController.swift in Sources */ = {isa = PBXBuildFile; fileRef = E2DE29B5246A0DA5008C8933 /* EntryDetailViewController.swift */; };
/* End PBXBuildFile section */

/* Begin PBXFileReference section */
		E218A1CA246A233B003E34FF /* DateExtension.swift */ = {isa = PBXFileReference; lastKnownFileType = sourcecode.swift; path = DateExtension.swift; sourceTree = "<group>"; };
		E2DE298C2469EEB7008C8933 /* JournalCloudKit.app */ = {isa = PBXFileReference; explicitFileType = wrapper.application; includeInIndex = 0; path = JournalCloudKit.app; sourceTree = BUILT_PRODUCTS_DIR; };
		E2DE298F2469EEB7008C8933 /* AppDelegate.swift */ = {isa = PBXFileReference; lastKnownFileType = sourcecode.swift; path = AppDelegate.swift; sourceTree = "<group>"; };
		E2DE29912469EEB7008C8933 /* SceneDelegate.swift */ = {isa = PBXFileReference; lastKnownFileType = sourcecode.swift; path = SceneDelegate.swift; sourceTree = "<group>"; };
		E2DE29962469EEB7008C8933 /* Base */ = {isa = PBXFileReference; lastKnownFileType = file.storyboard; name = Base; path = Base.lproj/Main.storyboard; sourceTree = "<group>"; };
		E2DE29982469EEBA008C8933 /* Assets.xcassets */ = {isa = PBXFileReference; lastKnownFileType = folder.assetcatalog; path = Assets.xcassets; sourceTree = "<group>"; };
		E2DE299B2469EEBA008C8933 /* Base */ = {isa = PBXFileReference; lastKnownFileType = file.storyboard; name = Base; path = Base.lproj/LaunchScreen.storyboard; sourceTree = "<group>"; };
		E2DE299D2469EEBA008C8933 /* Info.plist */ = {isa = PBXFileReference; lastKnownFileType = text.plist.xml; path = Info.plist; sourceTree = "<group>"; };
		E2DE29A52469EF46008C8933 /* Entry.swift */ = {isa = PBXFileReference; lastKnownFileType = sourcecode.swift; path = Entry.swift; sourceTree = "<group>"; };
		E2DE29A92469F232008C8933 /* EntryController.swift */ = {isa = PBXFileReference; lastKnownFileType = sourcecode.swift; path = EntryController.swift; sourceTree = "<group>"; };
		E2DE29AB2469FD24008C8933 /* JournalCloudKit.entitlements */ = {isa = PBXFileReference; lastKnownFileType = text.plist.entitlements; path = JournalCloudKit.entitlements; sourceTree = "<group>"; };
		E2DE29AD2469FD36008C8933 /* CloudKit.framework */ = {isa = PBXFileReference; lastKnownFileType = wrapper.framework; name = CloudKit.framework; path = System/Library/Frameworks/CloudKit.framework; sourceTree = SDKROOT; };
		E2DE29B0246A01F0008C8933 /* EntryError.swift */ = {isa = PBXFileReference; lastKnownFileType = sourcecode.swift; path = EntryError.swift; sourceTree = "<group>"; };
		E2DE29B2246A079A008C8933 /* EntryListTableViewController.swift */ = {isa = PBXFileReference; lastKnownFileType = sourcecode.swift; path = EntryListTableViewController.swift; sourceTree = "<group>"; };
		E2DE29B5246A0DA5008C8933 /* EntryDetailViewController.swift */ = {isa = PBXFileReference; lastKnownFileType = sourcecode.swift; path = EntryDetailViewController.swift; sourceTree = "<group>"; };
/* End PBXFileReference section */

/* Begin PBXFrameworksBuildPhase section */
		E2DE29892469EEB7008C8933 /* Frameworks */ = {
			isa = PBXFrameworksBuildPhase;
			buildActionMask = 2147483647;
			files = (
				E2DE29AE2469FD36008C8933 /* CloudKit.framework in Frameworks */,
			);
			runOnlyForDeploymentPostprocessing = 0;
		};
/* End PBXFrameworksBuildPhase section */

/* Begin PBXGroup section */
		E2DE29832469EEB7008C8933 = {
			isa = PBXGroup;
			children = (
				E2DE298E2469EEB7008C8933 /* JournalCloudKit */,
				E2DE298D2469EEB7008C8933 /* Products */,
				E2DE29AC2469FD36008C8933 /* Frameworks */,
			);
			sourceTree = "<group>";
		};
		E2DE298D2469EEB7008C8933 /* Products */ = {
			isa = PBXGroup;
			children = (
				E2DE298C2469EEB7008C8933 /* JournalCloudKit.app */,
			);
			name = Products;
			sourceTree = "<group>";
		};
		E2DE298E2469EEB7008C8933 /* JournalCloudKit */ = {
			isa = PBXGroup;
			children = (
				E2DE29B4246A0D7D008C8933 /* view */,
				E2DE29AF246A01CE008C8933 /* helpers + entensions */,
				E2DE29AB2469FD24008C8933 /* JournalCloudKit.entitlements */,
				E2DE29A72469F204008C8933 /* controller */,
				E2DE29A42469EF2D008C8933 /* model */,
				E2DE29A32469EED7008C8933 /* resources */,
				E2DE29952469EEB7008C8933 /* Main.storyboard */,
			);
			path = JournalCloudKit;
			sourceTree = "<group>";
		};
		E2DE29A32469EED7008C8933 /* resources */ = {
			isa = PBXGroup;
			children = (
				E2DE298F2469EEB7008C8933 /* AppDelegate.swift */,
				E2DE29912469EEB7008C8933 /* SceneDelegate.swift */,
				E2DE29982469EEBA008C8933 /* Assets.xcassets */,
				E2DE299A2469EEBA008C8933 /* LaunchScreen.storyboard */,
				E2DE299D2469EEBA008C8933 /* Info.plist */,
			);
			path = resources;
			sourceTree = "<group>";
		};
		E2DE29A42469EF2D008C8933 /* model */ = {
			isa = PBXGroup;
			children = (
				E2DE29A52469EF46008C8933 /* Entry.swift */,
			);
			path = model;
			sourceTree = "<group>";
		};
		E2DE29A72469F204008C8933 /* controller */ = {
			isa = PBXGroup;
			children = (
				E2DE29A82469F216008C8933 /* model controller */,
			);
			path = controller;
			sourceTree = "<group>";
		};
		E2DE29A82469F216008C8933 /* model controller */ = {
			isa = PBXGroup;
			children = (
				E2DE29A92469F232008C8933 /* EntryController.swift */,
			);
			path = "model controller";
			sourceTree = "<group>";
		};
		E2DE29AC2469FD36008C8933 /* Frameworks */ = {
			isa = PBXGroup;
			children = (
				E2DE29AD2469FD36008C8933 /* CloudKit.framework */,
			);
			name = Frameworks;
			sourceTree = "<group>";
		};
		E2DE29AF246A01CE008C8933 /* helpers + entensions */ = {
			isa = PBXGroup;
			children = (
				E2DE29B0246A01F0008C8933 /* EntryError.swift */,
				E218A1CA246A233B003E34FF /* DateExtension.swift */,
			);
			path = "helpers + entensions";
			sourceTree = "<group>";
		};
		E2DE29B4246A0D7D008C8933 /* view */ = {
			isa = PBXGroup;
			children = (
				E2DE29B2246A079A008C8933 /* EntryListTableViewController.swift */,
				E2DE29B5246A0DA5008C8933 /* EntryDetailViewController.swift */,
			);
			path = view;
			sourceTree = "<group>";
		};
/* End PBXGroup section */

/* Begin PBXNativeTarget section */
		E2DE298B2469EEB7008C8933 /* JournalCloudKit */ = {
			isa = PBXNativeTarget;
			buildConfigurationList = E2DE29A02469EEBA008C8933 /* Build configuration list for PBXNativeTarget "JournalCloudKit" */;
			buildPhases = (
				E2DE29882469EEB7008C8933 /* Sources */,
				E2DE29892469EEB7008C8933 /* Frameworks */,
				E2DE298A2469EEB7008C8933 /* Resources */,
			);
			buildRules = (
			);
			dependencies = (
			);
			name = JournalCloudKit;
			productName = JournalCloudKit;
			productReference = E2DE298C2469EEB7008C8933 /* JournalCloudKit.app */;
			productType = "com.apple.product-type.application";
		};
/* End PBXNativeTarget section */

/* Begin PBXProject section */
		E2DE29842469EEB7008C8933 /* Project object */ = {
			isa = PBXProject;
			attributes = {
				LastSwiftUpdateCheck = 1140;
				LastUpgradeCheck = 1140;
				ORGANIZATIONNAME = "Pete Parks";
				TargetAttributes = {
					E2DE298B2469EEB7008C8933 = {
						CreatedOnToolsVersion = 11.4.1;
					};
				};
			};
			buildConfigurationList = E2DE29872469EEB7008C8933 /* Build configuration list for PBXProject "JournalCloudKit" */;
			compatibilityVersion = "Xcode 9.3";
			developmentRegion = en;
			hasScannedForEncodings = 0;
			knownRegions = (
				en,
				Base,
			);
			mainGroup = E2DE29832469EEB7008C8933;
			productRefGroup = E2DE298D2469EEB7008C8933 /* Products */;
			projectDirPath = "";
			projectRoot = "";
			targets = (
				E2DE298B2469EEB7008C8933 /* JournalCloudKit */,
			);
		};
/* End PBXProject section */

/* Begin PBXResourcesBuildPhase section */
		E2DE298A2469EEB7008C8933 /* Resources */ = {
			isa = PBXResourcesBuildPhase;
			buildActionMask = 2147483647;
			files = (
				E2DE299C2469EEBA008C8933 /* LaunchScreen.storyboard in Resources */,
				E2DE29992469EEBA008C8933 /* Assets.xcassets in Resources */,
				E2DE29972469EEB7008C8933 /* Main.storyboard in Resources */,
			);
			runOnlyForDeploymentPostprocessing = 0;
		};
/* End PBXResourcesBuildPhase section */

/* Begin PBXSourcesBuildPhase section */
		E2DE29882469EEB7008C8933 /* Sources */ = {
			isa = PBXSourcesBuildPhase;
			buildActionMask = 2147483647;
			files = (
				E2DE29902469EEB7008C8933 /* AppDelegate.swift in Sources */,
				E218A1CB246A233B003E34FF /* DateExtension.swift in Sources */,
				E2DE29B1246A01F0008C8933 /* EntryError.swift in Sources */,
				E2DE29B3246A079A008C8933 /* EntryListTableViewController.swift in Sources */,
				E2DE29922469EEB7008C8933 /* SceneDelegate.swift in Sources */,
				E2DE29B6246A0DA5008C8933 /* EntryDetailViewController.swift in Sources */,
				E2DE29AA2469F232008C8933 /* EntryController.swift in Sources */,
				E2DE29A62469EF46008C8933 /* Entry.swift in Sources */,
			);
			runOnlyForDeploymentPostprocessing = 0;
		};
/* End PBXSourcesBuildPhase section */

/* Begin PBXVariantGroup section */
		E2DE29952469EEB7008C8933 /* Main.storyboard */ = {
			isa = PBXVariantGroup;
			children = (
				E2DE29962469EEB7008C8933 /* Base */,
			);
			name = Main.storyboard;
			sourceTree = "<group>";
		};
		E2DE299A2469EEBA008C8933 /* LaunchScreen.storyboard */ = {
			isa = PBXVariantGroup;
			children = (
				E2DE299B2469EEBA008C8933 /* Base */,
			);
			name = LaunchScreen.storyboard;
			sourceTree = "<group>";
		};
/* End PBXVariantGroup section */

/* Begin XCBuildConfiguration section */
		E2DE299E2469EEBA008C8933 /* Debug */ = {
			isa = XCBuildConfiguration;
			buildSettings = {
				ALWAYS_SEARCH_USER_PATHS = NO;
				CLANG_ANALYZER_NONNULL = YES;
				CLANG_ANALYZER_NUMBER_OBJECT_CONVERSION = YES_AGGRESSIVE;
				CLANG_CXX_LANGUAGE_STANDARD = "gnu++14";
				CLANG_CXX_LIBRARY = "libc++";
				CLANG_ENABLE_MODULES = YES;
				CLANG_ENABLE_OBJC_ARC = YES;
				CLANG_ENABLE_OBJC_WEAK = YES;
				CLANG_WARN_BLOCK_CAPTURE_AUTORELEASING = YES;
				CLANG_WARN_BOOL_CONVERSION = YES;
				CLANG_WARN_COMMA = YES;
				CLANG_WARN_CONSTANT_CONVERSION = YES;
				CLANG_WARN_DEPRECATED_OBJC_IMPLEMENTATIONS = YES;
				CLANG_WARN_DIRECT_OBJC_ISA_USAGE = YES_ERROR;
				CLANG_WARN_DOCUMENTATION_COMMENTS = YES;
				CLANG_WARN_EMPTY_BODY = YES;
				CLANG_WARN_ENUM_CONVERSION = YES;
				CLANG_WARN_INFINITE_RECURSION = YES;
				CLANG_WARN_INT_CONVERSION = YES;
				CLANG_WARN_NON_LITERAL_NULL_CONVERSION = YES;
				CLANG_WARN_OBJC_IMPLICIT_RETAIN_SELF = YES;
				CLANG_WARN_OBJC_LITERAL_CONVERSION = YES;
				CLANG_WARN_OBJC_ROOT_CLASS = YES_ERROR;
				CLANG_WARN_RANGE_LOOP_ANALYSIS = YES;
				CLANG_WARN_STRICT_PROTOTYPES = YES;
				CLANG_WARN_SUSPICIOUS_MOVE = YES;
				CLANG_WARN_UNGUARDED_AVAILABILITY = YES_AGGRESSIVE;
				CLANG_WARN_UNREACHABLE_CODE = YES;
				CLANG_WARN__DUPLICATE_METHOD_MATCH = YES;
				COPY_PHASE_STRIP = NO;
				DEBUG_INFORMATION_FORMAT = dwarf;
				ENABLE_STRICT_OBJC_MSGSEND = YES;
				ENABLE_TESTABILITY = YES;
				GCC_C_LANGUAGE_STANDARD = gnu11;
				GCC_DYNAMIC_NO_PIC = NO;
				GCC_NO_COMMON_BLOCKS = YES;
				GCC_OPTIMIZATION_LEVEL = 0;
				GCC_PREPROCESSOR_DEFINITIONS = (
					"DEBUG=1",
					"$(inherited)",
				);
				GCC_WARN_64_TO_32_BIT_CONVERSION = YES;
				GCC_WARN_ABOUT_RETURN_TYPE = YES_ERROR;
				GCC_WARN_UNDECLARED_SELECTOR = YES;
				GCC_WARN_UNINITIALIZED_AUTOS = YES_AGGRESSIVE;
				GCC_WARN_UNUSED_FUNCTION = YES;
				GCC_WARN_UNUSED_VARIABLE = YES;
				IPHONEOS_DEPLOYMENT_TARGET = 13.4;
				MTL_ENABLE_DEBUG_INFO = INCLUDE_SOURCE;
				MTL_FAST_MATH = YES;
				ONLY_ACTIVE_ARCH = YES;
				SDKROOT = iphoneos;
				SWIFT_ACTIVE_COMPILATION_CONDITIONS = DEBUG;
				SWIFT_OPTIMIZATION_LEVEL = "-Onone";
			};
			name = Debug;
		};
		E2DE299F2469EEBA008C8933 /* Release */ = {
			isa = XCBuildConfiguration;
			buildSettings = {
				ALWAYS_SEARCH_USER_PATHS = NO;
				CLANG_ANALYZER_NONNULL = YES;
				CLANG_ANALYZER_NUMBER_OBJECT_CONVERSION = YES_AGGRESSIVE;
				CLANG_CXX_LANGUAGE_STANDARD = "gnu++14";
				CLANG_CXX_LIBRARY = "libc++";
				CLANG_ENABLE_MODULES = YES;
				CLANG_ENABLE_OBJC_ARC = YES;
				CLANG_ENABLE_OBJC_WEAK = YES;
				CLANG_WARN_BLOCK_CAPTURE_AUTORELEASING = YES;
				CLANG_WARN_BOOL_CONVERSION = YES;
				CLANG_WARN_COMMA = YES;
				CLANG_WARN_CONSTANT_CONVERSION = YES;
				CLANG_WARN_DEPRECATED_OBJC_IMPLEMENTATIONS = YES;
				CLANG_WARN_DIRECT_OBJC_ISA_USAGE = YES_ERROR;
				CLANG_WARN_DOCUMENTATION_COMMENTS = YES;
				CLANG_WARN_EMPTY_BODY = YES;
				CLANG_WARN_ENUM_CONVERSION = YES;
				CLANG_WARN_INFINITE_RECURSION = YES;
				CLANG_WARN_INT_CONVERSION = YES;
				CLANG_WARN_NON_LITERAL_NULL_CONVERSION = YES;
				CLANG_WARN_OBJC_IMPLICIT_RETAIN_SELF = YES;
				CLANG_WARN_OBJC_LITERAL_CONVERSION = YES;
				CLANG_WARN_OBJC_ROOT_CLASS = YES_ERROR;
				CLANG_WARN_RANGE_LOOP_ANALYSIS = YES;
				CLANG_WARN_STRICT_PROTOTYPES = YES;
				CLANG_WARN_SUSPICIOUS_MOVE = YES;
				CLANG_WARN_UNGUARDED_AVAILABILITY = YES_AGGRESSIVE;
				CLANG_WARN_UNREACHABLE_CODE = YES;
				CLANG_WARN__DUPLICATE_METHOD_MATCH = YES;
				COPY_PHASE_STRIP = NO;
				DEBUG_INFORMATION_FORMAT = "dwarf-with-dsym";
				ENABLE_NS_ASSERTIONS = NO;
				ENABLE_STRICT_OBJC_MSGSEND = YES;
				GCC_C_LANGUAGE_STANDARD = gnu11;
				GCC_NO_COMMON_BLOCKS = YES;
				GCC_WARN_64_TO_32_BIT_CONVERSION = YES;
				GCC_WARN_ABOUT_RETURN_TYPE = YES_ERROR;
				GCC_WARN_UNDECLARED_SELECTOR = YES;
				GCC_WARN_UNINITIALIZED_AUTOS = YES_AGGRESSIVE;
				GCC_WARN_UNUSED_FUNCTION = YES;
				GCC_WARN_UNUSED_VARIABLE = YES;
				IPHONEOS_DEPLOYMENT_TARGET = 13.4;
				MTL_ENABLE_DEBUG_INFO = NO;
				MTL_FAST_MATH = YES;
				SDKROOT = iphoneos;
				SWIFT_COMPILATION_MODE = wholemodule;
				SWIFT_OPTIMIZATION_LEVEL = "-O";
				VALIDATE_PRODUCT = YES;
			};
			name = Release;
		};
		E2DE29A12469EEBA008C8933 /* Debug */ = {
			isa = XCBuildConfiguration;
			buildSettings = {
				ASSETCATALOG_COMPILER_APPICON_NAME = AppIcon;
				CODE_SIGN_ENTITLEMENTS = JournalCloudKit/JournalCloudKit.entitlements;
				CODE_SIGN_STYLE = Automatic;
				DEVELOPMENT_TEAM = 774YDXH43D;
				INFOPLIST_FILE = JournalCloudKit/resources/Info.plist;
				LD_RUNPATH_SEARCH_PATHS = (
					"$(inherited)",
					"@executable_path/Frameworks",
				);
				PRODUCT_BUNDLE_IDENTIFIER = com.peteparks.JournalCloudKit;
				PRODUCT_NAME = "$(TARGET_NAME)";
				SWIFT_VERSION = 5.0;
				TARGETED_DEVICE_FAMILY = "1,2";
			};
			name = Debug;
		};
		E2DE29A22469EEBA008C8933 /* Release */ = {
			isa = XCBuildConfiguration;
			buildSettings = {
				ASSETCATALOG_COMPILER_APPICON_NAME = AppIcon;
				CODE_SIGN_ENTITLEMENTS = JournalCloudKit/JournalCloudKit.entitlements;
				CODE_SIGN_STYLE = Automatic;
				DEVELOPMENT_TEAM = 774YDXH43D;
				INFOPLIST_FILE = JournalCloudKit/resources/Info.plist;
				LD_RUNPATH_SEARCH_PATHS = (
					"$(inherited)",
					"@executable_path/Frameworks",
				);
				PRODUCT_BUNDLE_IDENTIFIER = com.peteparks.JournalCloudKit;
				PRODUCT_NAME = "$(TARGET_NAME)";
				SWIFT_VERSION = 5.0;
				TARGETED_DEVICE_FAMILY = "1,2";
			};
			name = Release;
		};
/* End XCBuildConfiguration section */

/* Begin XCConfigurationList section */
		E2DE29872469EEB7008C8933 /* Build configuration list for PBXProject "JournalCloudKit" */ = {
			isa = XCConfigurationList;
			buildConfigurations = (
				E2DE299E2469EEBA008C8933 /* Debug */,
				E2DE299F2469EEBA008C8933 /* Release */,
			);
			defaultConfigurationIsVisible = 0;
			defaultConfigurationName = Release;
		};
		E2DE29A02469EEBA008C8933 /* Build configuration list for PBXNativeTarget "JournalCloudKit" */ = {
			isa = XCConfigurationList;
			buildConfigurations = (
				E2DE29A12469EEBA008C8933 /* Debug */,
				E2DE29A22469EEBA008C8933 /* Release */,
			);
			defaultConfigurationIsVisible = 0;
			defaultConfigurationName = Release;
		};
/* End XCConfigurationList section */
	};
	rootObject = E2DE29842469EEB7008C8933 /* Project object */;
}
